<Solution>
  <Folder Name="/VendorService/">
    <Project Path="VendorService/VendorService.BL/VendorService.BL.csproj" />
    <Project Path="VendorService/VendorService.DAL/VendorService.DAL.csproj" />
    <Project Path="VendorService/VendorService.Models/VendorService.Models.csproj" />
    <Project Path="VendorService/VendorService/VendorService.csproj" />
  </Folder>
</Solution>
